
Microsoft Visual Studio Solution File, Format Version 12.00
# Visual Studio Version 17
VisualStudioVersion = 17.7.34221.43
MinimumVisualStudioVersion = 10.0.40219.1
Project("{8BC9CEB8-8B4A-11D0-8D11-00A0C91BC942}") = "DZ_19.11.2023", "DZ_19.11.2023.vcxproj", "{D046021E-434E-4C35-A498-E6E8B8A8CAFD}"
EndProject
Global
	GlobalSection(SolutionConfigurationPlatforms) = preSolution
		Debug|x64 = Debug|x64
		Debug|x86 = Debug|x86
		Release|x64 = Release|x64
		Release|x86 = Release|x86
	EndGlobalSection
	GlobalSection(ProjectConfigurationPlatforms) = postSolution
		{D046021E-434E-4C35-A498-E6E8B8A8CAFD}.Debug|x64.ActiveCfg = Debug|x64
		{D046021E-434E-4C35-A498-E6E8B8A8CAFD}.Debug|x64.Build.0 = Debug|x64
		{D046021E-434E-4C35-A498-E6E8B8A8CAFD}.Debug|x86.ActiveCfg = Debug|Win32
		{D046021E-434E-4C35-A498-E6E8B8A8CAFD}.Debug|x86.Build.0 = Debug|Win32
		{D046021E-434E-4C35-A498-E6E8B8A8CAFD}.Release|x64.ActiveCfg = Release|x64
		{D046021E-434E-4C35-A498-E6E8B8A8CAFD}.Release|x64.Build.0 = Release|x64
		{D046021E-434E-4C35-A498-E6E8B8A8CAFD}.Release|x86.ActiveCfg = Release|Win32
		{D046021E-434E-4C35-A498-E6E8B8A8CAFD}.Release|x86.Build.0 = Release|Win32
	EndGlobalSection
	GlobalSection(SolutionProperties) = preSolution
		HideSolutionNode = FALSE
	EndGlobalSection
	GlobalSection(ExtensibilityGlobals) = postSolution
		SolutionGuid = {C0AF14F0-1B75-4CC6-A3B5-866741380001}
	EndGlobalSection
EndGlobal
